// !$*UTF8*$!
{
	archiveVersion = 1;
	classes = {
	};
	objectVersion = 48;
	objects = {

/* Begin PBXBuildFile section */
		3142D3A421525D60007670D7 /* ButtonClicked.gif in Resources */ = {isa = PBXBuildFile; fileRef = 3142D3A321525D5F007670D7 /* ButtonClicked.gif */; };
		3142D3A6215261F6007670D7 /* Settings.png in Resources */ = {isa = PBXBuildFile; fileRef = 3142D3A5215261F6007670D7 /* Settings.png */; };
		3161DCDA2151313300F9C010 /* AppDelegate.swift in Sources */ = {isa = PBXBuildFile; fileRef = 3161DCD92151313300F9C010 /* AppDelegate.swift */; };
		3161DCDC2151313300F9C010 /* ViewController.swift in Sources */ = {isa = PBXBuildFile; fileRef = 3161DCDB2151313300F9C010 /* ViewController.swift */; };
		3161DCDF2151313300F9C010 /* Main.storyboard in Resources */ = {isa = PBXBuildFile; fileRef = 3161DCDD2151313300F9C010 /* Main.storyboard */; };
		3161DCE12151313300F9C010 /* Assets.xcassets in Resources */ = {isa = PBXBuildFile; fileRef = 3161DCE02151313300F9C010 /* Assets.xcassets */; };
		3161DCE42151313300F9C010 /* LaunchScreen.storyboard in Resources */ = {isa = PBXBuildFile; fileRef = 3161DCE22151313300F9C010 /* LaunchScreen.storyboard */; };
		3161DCEC2151314E00F9C010 /* SHToggleButton.swift in Sources */ = {isa = PBXBuildFile; fileRef = 3161DCEB2151314E00F9C010 /* SHToggleButton.swift */; };
/* End PBXBuildFile section */

/* Begin PBXFileReference section */
		3142D3A321525D5F007670D7 /* ButtonClicked.gif */ = {isa = PBXFileReference; lastKnownFileType = image.gif; path = ButtonClicked.gif; sourceTree = "<group>"; };
		3142D3A5215261F6007670D7 /* Settings.png */ = {isa = PBXFileReference; lastKnownFileType = image.png; path = Settings.png; sourceTree = "<group>"; };
		3161DCD62151313300F9C010 /* SHToggleButton.app */ = {isa = PBXFileReference; explicitFileType = wrapper.application; includeInIndex = 0; path = SHToggleButton.app; sourceTree = BUILT_PRODUCTS_DIR; };
		3161DCD92151313300F9C010 /* AppDelegate.swift */ = {isa = PBXFileReference; lastKnownFileType = sourcecode.swift; path = AppDelegate.swift; sourceTree = "<group>"; };
		3161DCDB2151313300F9C010 /* ViewController.swift */ = {isa = PBXFileReference; lastKnownFileType = sourcecode.swift; path = ViewController.swift; sourceTree = "<group>"; };
		3161DCDE2151313300F9C010 /* Base */ = {isa = PBXFileReference; lastKnownFileType = file.storyboard; name = Base; path = Base.lproj/Main.storyboard; sourceTree = "<group>"; };
		3161DCE02151313300F9C010 /* Assets.xcassets */ = {isa = PBXFileReference; lastKnownFileType = folder.assetcatalog; path = Assets.xcassets; sourceTree = "<group>"; };
		3161DCE32151313300F9C010 /* Base */ = {isa = PBXFileReference; lastKnownFileType = file.storyboard; name = Base; path = Base.lproj/LaunchScreen.storyboard; sourceTree = "<group>"; };
		3161DCE52151313300F9C010 /* Info.plist */ = {isa = PBXFileReference; lastKnownFileType = text.plist.xml; path = Info.plist; sourceTree = "<group>"; };
		3161DCEB2151314E00F9C010 /* SHToggleButton.swift */ = {isa = PBXFileReference; lastKnownFileType = sourcecode.swift; path = SHToggleButton.swift; sourceTree = "<group>"; };
/* End PBXFileReference section */

/* Begin PBXFrameworksBuildPhase section */
		3161DCD32151313300F9C010 /* Frameworks */ = {
			isa = PBXFrameworksBuildPhase;
			buildActionMask = 2147483647;
			files = (
			);
			runOnlyForDeploymentPostprocessing = 0;
		};
/* End PBXFrameworksBuildPhase section */

/* Begin PBXGroup section */
		3161DCCD2151313300F9C010 = {
			isa = PBXGroup;
			children = (
				3161DCD82151313300F9C010 /* SHToggleButton */,
				3161DCD72151313300F9C010 /* Products */,
			);
			sourceTree = "<group>";
		};
		3161DCD72151313300F9C010 /* Products */ = {
			isa = PBXGroup;
			children = (
				3161DCD62151313300F9C010 /* SHToggleButton.app */,
			);
			name = Products;
			sourceTree = "<group>";
		};
		3161DCD82151313300F9C010 /* SHToggleButton */ = {
			isa = PBXGroup;
			children = (
				3142D3A321525D5F007670D7 /* ButtonClicked.gif */,
				3142D3A5215261F6007670D7 /* Settings.png */,
				3161DCD92151313300F9C010 /* AppDelegate.swift */,
				3161DCDB2151313300F9C010 /* ViewController.swift */,
				3161DCEB2151314E00F9C010 /* SHToggleButton.swift */,
				3161DCDD2151313300F9C010 /* Main.storyboard */,
				3161DCE02151313300F9C010 /* Assets.xcassets */,
				3161DCE22151313300F9C010 /* LaunchScreen.storyboard */,
				3161DCE52151313300F9C010 /* Info.plist */,
			);
			path = SHToggleButton;
			sourceTree = "<group>";
		};
/* End PBXGroup section */

/* Begin PBXNativeTarget section */
		3161DCD52151313300F9C010 /* SHToggleButton */ = {
			isa = PBXNativeTarget;
			buildConfigurationList = 3161DCE82151313300F9C010 /* Build configuration list for PBXNativeTarget "SHToggleButton" */;
			buildPhases = (
				3161DCD22151313300F9C010 /* Sources */,
				3161DCD32151313300F9C010 /* Frameworks */,
				3161DCD42151313300F9C010 /* Resources */,
			);
			buildRules = (
			);
			dependencies = (
			);
			name = SHToggleButton;
			productName = SHToggleButton;
			productReference = 3161DCD62151313300F9C010 /* SHToggleButton.app */;
			productType = "com.apple.product-type.application";
		};
/* End PBXNativeTarget section */

/* Begin PBXProject section */
		3161DCCE2151313300F9C010 /* Project object */ = {
			isa = PBXProject;
			attributes = {
				LastSwiftUpdateCheck = 0920;
				LastUpgradeCheck = 0920;
				ORGANIZATIONNAME = "Soufian Hossam";
				TargetAttributes = {
					3161DCD52151313300F9C010 = {
						CreatedOnToolsVersion = 9.2;
						ProvisioningStyle = Automatic;
					};
				};
			};
			buildConfigurationList = 3161DCD12151313300F9C010 /* Build configuration list for PBXProject "SHToggleButton" */;
			compatibilityVersion = "Xcode 8.0";
			developmentRegion = en;
			hasScannedForEncodings = 0;
			knownRegions = (
				en,
				Base,
			);
			mainGroup = 3161DCCD2151313300F9C010;
			productRefGroup = 3161DCD72151313300F9C010 /* Products */;
			projectDirPath = "";
			projectRoot = "";
			targets = (
				3161DCD52151313300F9C010 /* SHToggleButton */,
			);
		};
/* End PBXProject section */

/* Begin PBXResourcesBuildPhase section */
		3161DCD42151313300F9C010 /* Resources */ = {
			isa = PBXResourcesBuildPhase;
			buildActionMask = 2147483647;
			files = (
				3142D3A6215261F6007670D7 /* Settings.png in Resources */,
				3142D3A421525D60007670D7 /* ButtonClicked.gif in Resources */,
				3161DCE42151313300F9C010 /* LaunchScreen.storyboard in Resources */,
				3161DCE12151313300F9C010 /* Assets.xcassets in Resources */,
				3161DCDF2151313300F9C010 /* Main.storyboard in Resources */,
			);
			runOnlyForDeploymentPostprocessing = 0;
		};
/* End PBXResourcesBuildPhase section */

/* Begin PBXSourcesBuildPhase section */
		3161DCD22151313300F9C010 /* Sources */ = {
			isa = PBXSourcesBuildPhase;
			buildActionMask = 2147483647;
			files = (
				3161DCEC2151314E00F9C010 /* SHToggleButton.swift in Sources */,
				3161DCDC2151313300F9C010 /* ViewController.swift in Sources */,
				3161DCDA2151313300F9C010 /* AppDelegate.swift in Sources */,
			);
			runOnlyForDeploymentPostprocessing = 0;
		};
/* End PBXSourcesBuildPhase section */

/* Begin PBXVariantGroup section */
		3161DCDD2151313300F9C010 /* Main.storyboard */ = {
			isa = PBXVariantGroup;
			children = (
				3161DCDE2151313300F9C010 /* Base */,
			);
			name = Main.storyboard;
			sourceTree = "<group>";
		};
		3161DCE22151313300F9C010 /* LaunchScreen.storyboard */ = {
			isa = PBXVariantGroup;
			children = (
				3161DCE32151313300F9C010 /* Base */,
			);
			name = LaunchScreen.storyboard;
			sourceTree = "<group>";
		};
/* End PBXVariantGroup section */

/* Begin XCBuildConfiguration section */
		3161DCE62151313300F9C010 /* Debug */ = {
			isa = XCBuildConfiguration;
			buildSettings = {
				ALWAYS_SEARCH_USER_PATHS = NO;
				CLANG_ANALYZER_NONNULL = YES;
				CLANG_ANALYZER_NUMBER_OBJECT_CONVERSION = YES_AGGRESSIVE;
				CLANG_CXX_LANGUAGE_STANDARD = "gnu++14";
				CLANG_CXX_LIBRARY = "libc++";
				CLANG_ENABLE_MODULES = YES;
				CLANG_ENABLE_OBJC_ARC = YES;
				CLANG_WARN_BLOCK_CAPTURE_AUTORELEASING = YES;
				CLANG_WARN_BOOL_CONVERSION = YES;
				CLANG_WARN_COMMA = YES;
				CLANG_WARN_CONSTANT_CONVERSION = YES;
				CLANG_WARN_DIRECT_OBJC_ISA_USAGE = YES_ERROR;
				CLANG_WARN_DOCUMENTATION_COMMENTS = YES;
				CLANG_WARN_EMPTY_BODY = YES;
				CLANG_WARN_ENUM_CONVERSION = YES;
				CLANG_WARN_INFINITE_RECURSION = YES;
				CLANG_WARN_INT_CONVERSION = YES;
				CLANG_WARN_NON_LITERAL_NULL_CONVERSION = YES;
				CLANG_WARN_OBJC_LITERAL_CONVERSION = YES;
				CLANG_WARN_OBJC_ROOT_CLASS = YES_ERROR;
				CLANG_WARN_RANGE_LOOP_ANALYSIS = YES;
				CLANG_WARN_STRICT_PROTOTYPES = YES;
				CLANG_WARN_SUSPICIOUS_MOVE = YES;
				CLANG_WARN_UNGUARDED_AVAILABILITY = YES_AGGRESSIVE;
				CLANG_WARN_UNREACHABLE_CODE = YES;
				CLANG_WARN__DUPLICATE_METHOD_MATCH = YES;
				CODE_SIGN_IDENTITY = "iPhone Developer";
				COPY_PHASE_STRIP = NO;
				DEBUG_INFORMATION_FORMAT = dwarf;
				ENABLE_STRICT_OBJC_MSGSEND = YES;
				ENABLE_TESTABILITY = YES;
				GCC_C_LANGUAGE_STANDARD = gnu11;
				GCC_DYNAMIC_NO_PIC = NO;
				GCC_NO_COMMON_BLOCKS = YES;
				GCC_OPTIMIZATION_LEVEL = 0;
				GCC_PREPROCESSOR_DEFINITIONS = (
					"DEBUG=1",
					"$(inherited)",
				);
				GCC_WARN_64_TO_32_BIT_CONVERSION = YES;
				GCC_WARN_ABOUT_RETURN_TYPE = YES_ERROR;
				GCC_WARN_UNDECLARED_SELECTOR = YES;
				GCC_WARN_UNINITIALIZED_AUTOS = YES_AGGRESSIVE;
				GCC_WARN_UNUSED_FUNCTION = YES;
				GCC_WARN_UNUSED_VARIABLE = YES;
				IPHONEOS_DEPLOYMENT_TARGET = 11.2;
				MTL_ENABLE_DEBUG_INFO = YES;
				ONLY_ACTIVE_ARCH = YES;
				SDKROOT = iphoneos;
				SWIFT_ACTIVE_COMPILATION_CONDITIONS = DEBUG;
				SWIFT_OPTIMIZATION_LEVEL = "-Onone";
			};
			name = Debug;
		};
		3161DCE72151313300F9C010 /* Release */ = {
			isa = XCBuildConfiguration;
			buildSettings = {
				ALWAYS_SEARCH_USER_PATHS = NO;
				CLANG_ANALYZER_NONNULL = YES;
				CLANG_ANALYZER_NUMBER_OBJECT_CONVERSION = YES_AGGRESSIVE;
				CLANG_CXX_LANGUAGE_STANDARD = "gnu++14";
				CLANG_CXX_LIBRARY = "libc++";
				CLANG_ENABLE_MODULES = YES;
				CLANG_ENABLE_OBJC_ARC = YES;
				CLANG_WARN_BLOCK_CAPTURE_AUTORELEASING = YES;
				CLANG_WARN_BOOL_CONVERSION = YES;
				CLANG_WARN_COMMA = YES;
				CLANG_WARN_CONSTANT_CONVERSION = YES;
				CLANG_WARN_DIRECT_OBJC_ISA_USAGE = YES_ERROR;
				CLANG_WARN_DOCUMENTATION_COMMENTS = YES;
				CLANG_WARN_EMPTY_BODY = YES;
				CLANG_WARN_ENUM_CONVERSION = YES;
				CLANG_WARN_INFINITE_RECURSION = YES;
				CLANG_WARN_INT_CONVERSION = YES;
				CLANG_WARN_NON_LITERAL_NULL_CONVERSION = YES;
				CLANG_WARN_OBJC_LITERAL_CONVERSION = YES;
				CLANG_WARN_OBJC_ROOT_CLASS = YES_ERROR;
				CLANG_WARN_RANGE_LOOP_ANALYSIS = YES;
				CLANG_WARN_STRICT_PROTOTYPES = YES;
				CLANG_WARN_SUSPICIOUS_MOVE = YES;
				CLANG_WARN_UNGUARDED_AVAILABILITY = YES_AGGRESSIVE;
				CLANG_WARN_UNREACHABLE_CODE = YES;
				CLANG_WARN__DUPLICATE_METHOD_MATCH = YES;
				CODE_SIGN_IDENTITY = "iPhone Developer";
				COPY_PHASE_STRIP = NO;
				DEBUG_INFORMATION_FORMAT = "dwarf-with-dsym";
				ENABLE_NS_ASSERTIONS = NO;
				ENABLE_STRICT_OBJC_MSGSEND = YES;
				GCC_C_LANGUAGE_STANDARD = gnu11;
				GCC_NO_COMMON_BLOCKS = YES;
				GCC_WARN_64_TO_32_BIT_CONVERSION = YES;
				GCC_WARN_ABOUT_RETURN_TYPE = YES_ERROR;
				GCC_WARN_UNDECLARED_SELECTOR = YES;
				GCC_WARN_UNINITIALIZED_AUTOS = YES_AGGRESSIVE;
				GCC_WARN_UNUSED_FUNCTION = YES;
				GCC_WARN_UNUSED_VARIABLE = YES;
				IPHONEOS_DEPLOYMENT_TARGET = 11.2;
				MTL_ENABLE_DEBUG_INFO = NO;
				SDKROOT = iphoneos;
				SWIFT_OPTIMIZATION_LEVEL = "-Owholemodule";
				VALIDATE_PRODUCT = YES;
			};
			name = Release;
		};
		3161DCE92151313300F9C010 /* Debug */ = {
			isa = XCBuildConfiguration;
			buildSettings = {
				ASSETCATALOG_COMPILER_APPICON_NAME = AppIcon;
				CODE_SIGN_STYLE = Automatic;
				DEVELOPMENT_TEAM = 86MGZ7B3XL;
				INFOPLIST_FILE = SHToggleButton/Info.plist;
				LD_RUNPATH_SEARCH_PATHS = "$(inherited) @executable_path/Frameworks";
				PRODUCT_BUNDLE_IDENTIFIER = com.SoufianHossam.SHToggleButton0;
				PRODUCT_NAME = "$(TARGET_NAME)";
				SWIFT_VERSION = 4.2;
				TARGETED_DEVICE_FAMILY = "1,2";
			};
			name = Debug;
		};
		3161DCEA2151313300F9C010 /* Release */ = {
			isa = XCBuildConfiguration;
			buildSettings = {
				ASSETCATALOG_COMPILER_APPICON_NAME = AppIcon;
				CODE_SIGN_STYLE = Automatic;
				DEVELOPMENT_TEAM = 86MGZ7B3XL;
				INFOPLIST_FILE = SHToggleButton/Info.plist;
				LD_RUNPATH_SEARCH_PATHS = "$(inherited) @executable_path/Frameworks";
				PRODUCT_BUNDLE_IDENTIFIER = com.SoufianHossam.SHToggleButton0;
				PRODUCT_NAME = "$(TARGET_NAME)";
				SWIFT_VERSION = 4.2;
				TARGETED_DEVICE_FAMILY = "1,2";
			};
			name = Release;
		};
/* End XCBuildConfiguration section */

/* Begin XCConfigurationList section */
		3161DCD12151313300F9C010 /* Build configuration list for PBXProject "SHToggleButton" */ = {
			isa = XCConfigurationList;
			buildConfigurations = (
				3161DCE62151313300F9C010 /* Debug */,
				3161DCE72151313300F9C010 /* Release */,
			);
			defaultConfigurationIsVisible = 0;
			defaultConfigurationName = Release;
		};
		3161DCE82151313300F9C010 /* Build configuration list for PBXNativeTarget "SHToggleButton" */ = {
			isa = XCConfigurationList;
			buildConfigurations = (
				3161DCE92151313300F9C010 /* Debug */,
				3161DCEA2151313300F9C010 /* Release */,
			);
			defaultConfigurationIsVisible = 0;
			defaultConfigurationName = Release;
		};
/* End XCConfigurationList section */
	};
	rootObject = 3161DCCE2151313300F9C010 /* Project object */;
}
